
Microsoft Visual Studio Solution File, Format Version 12.00
# Visual Studio Version 17
VisualStudioVersion = 17.11.35222.181
MinimumVisualStudioVersion = 10.0.40219.1
Project("{FAE04EC0-301F-11D3-BF4B-00C04F79EFBC}") = "UserServiceAPI", "UserServiceAPI.csproj", "{CC4735F2-6935-4B09-BD2E-7B212A25AA3C}"
EndProject
Global
	GlobalSection(SolutionConfigurationPlatforms) = preSolution
		Debug|Any CPU = Debug|Any CPU
		Release|Any CPU = Release|Any CPU
	EndGlobalSection
	GlobalSection(ProjectConfigurationPlatforms) = postSolution
		{CC4735F2-6935-4B09-BD2E-7B212A25AA3C}.Debug|Any CPU.ActiveCfg = Debug|Any CPU
		{CC4735F2-6935-4B09-BD2E-7B212A25AA3C}.Debug|Any CPU.Build.0 = Debug|Any CPU
		{CC4735F2-6935-4B09-BD2E-7B212A25AA3C}.Release|Any CPU.ActiveCfg = Release|Any CPU
		{CC4735F2-6935-4B09-BD2E-7B212A25AA3C}.Release|Any CPU.Build.0 = Release|Any CPU
	EndGlobalSection
	GlobalSection(SolutionProperties) = preSolution
		HideSolutionNode = FALSE
	EndGlobalSection
	GlobalSection(ExtensibilityGlobals) = postSolution
		SolutionGuid = {3659AA03-0516-4363-9BD5-29A70FA97CB1}
	EndGlobalSection
EndGlobal
